// !$*UTF8*$!
{
	archiveVersion = 1;
	classes = {
	};
	objectVersion = 50;
	objects = {

/* Begin PBXBuildFile section */
		C866657E26A2CC1C0066197A /* FruitRowView.swift in Sources */ = {isa = PBXBuildFile; fileRef = C866657D26A2CC1C0066197A /* FruitRowView.swift */; };
		C8D1177226A1FFEA004B634A /* FructusApp.swift in Sources */ = {isa = PBXBuildFile; fileRef = C8D1177126A1FFEA004B634A /* FructusApp.swift */; };
		C8D1177426A1FFEA004B634A /* ContentView.swift in Sources */ = {isa = PBXBuildFile; fileRef = C8D1177326A1FFEA004B634A /* ContentView.swift */; };
		C8D1177626A1FFEF004B634A /* Assets.xcassets in Resources */ = {isa = PBXBuildFile; fileRef = C8D1177526A1FFEF004B634A /* Assets.xcassets */; };
		C8D1177926A1FFEF004B634A /* Preview Assets.xcassets in Resources */ = {isa = PBXBuildFile; fileRef = C8D1177826A1FFEF004B634A /* Preview Assets.xcassets */; };
		C8D1178326A21124004B634A /* FruitCardView.swift in Sources */ = {isa = PBXBuildFile; fileRef = C8D1178226A21124004B634A /* FruitCardView.swift */; };
		C8D1178526A21A47004B634A /* StartButtonView.swift in Sources */ = {isa = PBXBuildFile; fileRef = C8D1178426A21A47004B634A /* StartButtonView.swift */; };
		C8D1178726A2205F004B634A /* OnboardingView.swift in Sources */ = {isa = PBXBuildFile; fileRef = C8D1178626A2205E004B634A /* OnboardingView.swift */; };
		C8D1178A26A22698004B634A /* FruitModel.swift in Sources */ = {isa = PBXBuildFile; fileRef = C8D1178926A22698004B634A /* FruitModel.swift */; };
		C8D1178D26A227C7004B634A /* FruitData.swift in Sources */ = {isa = PBXBuildFile; fileRef = C8D1178C26A227C7004B634A /* FruitData.swift */; };
		C8D954B726A4AFAA005F242E /* FruitDetailView.swift in Sources */ = {isa = PBXBuildFile; fileRef = C8D954B626A4AFA9005F242E /* FruitDetailView.swift */; };
		C8D954B926A4B5F7005F242E /* FruitHeaderView.swift in Sources */ = {isa = PBXBuildFile; fileRef = C8D954B826A4B5F7005F242E /* FruitHeaderView.swift */; };
		C8D954BB26A4BB3F005F242E /* SourceLinkView.swift in Sources */ = {isa = PBXBuildFile; fileRef = C8D954BA26A4BB3F005F242E /* SourceLinkView.swift */; };
		C8F57DD026A4BF9E00F2A7A8 /* FruitNutrientsView.swift in Sources */ = {isa = PBXBuildFile; fileRef = C8F57DCF26A4BF9E00F2A7A8 /* FruitNutrientsView.swift */; };
		C8F57DD226A4C80300F2A7A8 /* SettingsView.swift in Sources */ = {isa = PBXBuildFile; fileRef = C8F57DD126A4C80300F2A7A8 /* SettingsView.swift */; };
		C8F57DD426A4CF7000F2A7A8 /* SettingsLabelView.swift in Sources */ = {isa = PBXBuildFile; fileRef = C8F57DD326A4CF7000F2A7A8 /* SettingsLabelView.swift */; };
		C8F57DD626A5D3E300F2A7A8 /* SettingsRowView.swift in Sources */ = {isa = PBXBuildFile; fileRef = C8F57DD526A5D3E300F2A7A8 /* SettingsRowView.swift */; };
/* End PBXBuildFile section */

/* Begin PBXFileReference section */
		C866657D26A2CC1C0066197A /* FruitRowView.swift */ = {isa = PBXFileReference; lastKnownFileType = sourcecode.swift; path = FruitRowView.swift; sourceTree = "<group>"; };
		C8D1176E26A1FFEA004B634A /* Fructus.app */ = {isa = PBXFileReference; explicitFileType = wrapper.application; includeInIndex = 0; path = Fructus.app; sourceTree = BUILT_PRODUCTS_DIR; };
		C8D1177126A1FFEA004B634A /* FructusApp.swift */ = {isa = PBXFileReference; lastKnownFileType = sourcecode.swift; path = FructusApp.swift; sourceTree = "<group>"; };
		C8D1177326A1FFEA004B634A /* ContentView.swift */ = {isa = PBXFileReference; lastKnownFileType = sourcecode.swift; path = ContentView.swift; sourceTree = "<group>"; };
		C8D1177526A1FFEF004B634A /* Assets.xcassets */ = {isa = PBXFileReference; lastKnownFileType = folder.assetcatalog; path = Assets.xcassets; sourceTree = "<group>"; };
		C8D1177826A1FFEF004B634A /* Preview Assets.xcassets */ = {isa = PBXFileReference; lastKnownFileType = folder.assetcatalog; path = "Preview Assets.xcassets"; sourceTree = "<group>"; };
		C8D1177A26A1FFEF004B634A /* Info.plist */ = {isa = PBXFileReference; lastKnownFileType = text.plist.xml; path = Info.plist; sourceTree = "<group>"; };
		C8D1178226A21124004B634A /* FruitCardView.swift */ = {isa = PBXFileReference; lastKnownFileType = sourcecode.swift; path = FruitCardView.swift; sourceTree = "<group>"; };
		C8D1178426A21A47004B634A /* StartButtonView.swift */ = {isa = PBXFileReference; lastKnownFileType = sourcecode.swift; path = StartButtonView.swift; sourceTree = "<group>"; };
		C8D1178626A2205E004B634A /* OnboardingView.swift */ = {isa = PBXFileReference; lastKnownFileType = sourcecode.swift; path = OnboardingView.swift; sourceTree = "<group>"; };
		C8D1178926A22698004B634A /* FruitModel.swift */ = {isa = PBXFileReference; lastKnownFileType = sourcecode.swift; path = FruitModel.swift; sourceTree = "<group>"; };
		C8D1178C26A227C7004B634A /* FruitData.swift */ = {isa = PBXFileReference; lastKnownFileType = sourcecode.swift; path = FruitData.swift; sourceTree = "<group>"; };
		C8D954B626A4AFA9005F242E /* FruitDetailView.swift */ = {isa = PBXFileReference; lastKnownFileType = sourcecode.swift; path = FruitDetailView.swift; sourceTree = "<group>"; };
		C8D954B826A4B5F7005F242E /* FruitHeaderView.swift */ = {isa = PBXFileReference; lastKnownFileType = sourcecode.swift; path = FruitHeaderView.swift; sourceTree = "<group>"; };
		C8D954BA26A4BB3F005F242E /* SourceLinkView.swift */ = {isa = PBXFileReference; lastKnownFileType = sourcecode.swift; path = SourceLinkView.swift; sourceTree = "<group>"; };
		C8F57DCF26A4BF9E00F2A7A8 /* FruitNutrientsView.swift */ = {isa = PBXFileReference; lastKnownFileType = sourcecode.swift; path = FruitNutrientsView.swift; sourceTree = "<group>"; };
		C8F57DD126A4C80300F2A7A8 /* SettingsView.swift */ = {isa = PBXFileReference; lastKnownFileType = sourcecode.swift; path = SettingsView.swift; sourceTree = "<group>"; };
		C8F57DD326A4CF7000F2A7A8 /* SettingsLabelView.swift */ = {isa = PBXFileReference; lastKnownFileType = sourcecode.swift; path = SettingsLabelView.swift; sourceTree = "<group>"; };
		C8F57DD526A5D3E300F2A7A8 /* SettingsRowView.swift */ = {isa = PBXFileReference; lastKnownFileType = sourcecode.swift; path = SettingsRowView.swift; sourceTree = "<group>"; };
/* End PBXFileReference section */

/* Begin PBXFrameworksBuildPhase section */
		C8D1176B26A1FFEA004B634A /* Frameworks */ = {
			isa = PBXFrameworksBuildPhase;
			buildActionMask = 2147483647;
			files = (
			);
			runOnlyForDeploymentPostprocessing = 0;
		};
/* End PBXFrameworksBuildPhase section */

/* Begin PBXGroup section */
		C8D1176526A1FFEA004B634A = {
			isa = PBXGroup;
			children = (
				C8D1177026A1FFEA004B634A /* Fructus */,
				C8D1176F26A1FFEA004B634A /* Products */,
			);
			sourceTree = "<group>";
		};
		C8D1176F26A1FFEA004B634A /* Products */ = {
			isa = PBXGroup;
			children = (
				C8D1176E26A1FFEA004B634A /* Fructus.app */,
			);
			name = Products;
			sourceTree = "<group>";
		};
		C8D1177026A1FFEA004B634A /* Fructus */ = {
			isa = PBXGroup;
			children = (
				C8D1178B26A227BA004B634A /* Data */,
				C8D1178826A22666004B634A /* Model */,
				C8D1178126A210F0004B634A /* View */,
				C8D1178026A210BF004B634A /* App */,
				C8D1177526A1FFEF004B634A /* Assets.xcassets */,
				C8D1177A26A1FFEF004B634A /* Info.plist */,
				C8D1177726A1FFEF004B634A /* Preview Content */,
			);
			path = Fructus;
			sourceTree = "<group>";
		};
		C8D1177726A1FFEF004B634A /* Preview Content */ = {
			isa = PBXGroup;
			children = (
				C8D1177826A1FFEF004B634A /* Preview Assets.xcassets */,
			);
			path = "Preview Content";
			sourceTree = "<group>";
		};
		C8D1178026A210BF004B634A /* App */ = {
			isa = PBXGroup;
			children = (
				C8D954B626A4AFA9005F242E /* FruitDetailView.swift */,
				C8D1177126A1FFEA004B634A /* FructusApp.swift */,
				C8D1177326A1FFEA004B634A /* ContentView.swift */,
				C8D1178626A2205E004B634A /* OnboardingView.swift */,
				C8F57DD126A4C80300F2A7A8 /* SettingsView.swift */,
			);
			path = App;
			sourceTree = "<group>";
		};
		C8D1178126A210F0004B634A /* View */ = {
			isa = PBXGroup;
			children = (
				C8D1178226A21124004B634A /* FruitCardView.swift */,
				C8D1178426A21A47004B634A /* StartButtonView.swift */,
				C866657D26A2CC1C0066197A /* FruitRowView.swift */,
				C8D954B826A4B5F7005F242E /* FruitHeaderView.swift */,
				C8D954BA26A4BB3F005F242E /* SourceLinkView.swift */,
				C8F57DCF26A4BF9E00F2A7A8 /* FruitNutrientsView.swift */,
				C8F57DD326A4CF7000F2A7A8 /* SettingsLabelView.swift */,
				C8F57DD526A5D3E300F2A7A8 /* SettingsRowView.swift */,
			);
			path = View;
			sourceTree = "<group>";
		};
		C8D1178826A22666004B634A /* Model */ = {
			isa = PBXGroup;
			children = (
				C8D1178926A22698004B634A /* FruitModel.swift */,
			);
			path = Model;
			sourceTree = "<group>";
		};
		C8D1178B26A227BA004B634A /* Data */ = {
			isa = PBXGroup;
			children = (
				C8D1178C26A227C7004B634A /* FruitData.swift */,
			);
			path = Data;
			sourceTree = "<group>";
		};
/* End PBXGroup section */

/* Begin PBXNativeTarget section */
		C8D1176D26A1FFEA004B634A /* Fructus */ = {
			isa = PBXNativeTarget;
			buildConfigurationList = C8D1177D26A1FFEF004B634A /* Build configuration list for PBXNativeTarget "Fructus" */;
			buildPhases = (
				C8D1176A26A1FFEA004B634A /* Sources */,
				C8D1176B26A1FFEA004B634A /* Frameworks */,
				C8D1176C26A1FFEA004B634A /* Resources */,
			);
			buildRules = (
			);
			dependencies = (
			);
			name = Fructus;
			productName = Fructus;
			productReference = C8D1176E26A1FFEA004B634A /* Fructus.app */;
			productType = "com.apple.product-type.application";
		};
/* End PBXNativeTarget section */

/* Begin PBXProject section */
		C8D1176626A1FFEA004B634A /* Project object */ = {
			isa = PBXProject;
			attributes = {
				LastSwiftUpdateCheck = 1250;
				LastUpgradeCheck = 1250;
				TargetAttributes = {
					C8D1176D26A1FFEA004B634A = {
						CreatedOnToolsVersion = 12.5.1;
					};
				};
			};
			buildConfigurationList = C8D1176926A1FFEA004B634A /* Build configuration list for PBXProject "Fructus" */;
			compatibilityVersion = "Xcode 9.3";
			developmentRegion = en;
			hasScannedForEncodings = 0;
			knownRegions = (
				en,
				Base,
			);
			mainGroup = C8D1176526A1FFEA004B634A;
			productRefGroup = C8D1176F26A1FFEA004B634A /* Products */;
			projectDirPath = "";
			projectRoot = "";
			targets = (
				C8D1176D26A1FFEA004B634A /* Fructus */,
			);
		};
/* End PBXProject section */

/* Begin PBXResourcesBuildPhase section */
		C8D1176C26A1FFEA004B634A /* Resources */ = {
			isa = PBXResourcesBuildPhase;
			buildActionMask = 2147483647;
			files = (
				C8D1177926A1FFEF004B634A /* Preview Assets.xcassets in Resources */,
				C8D1177626A1FFEF004B634A /* Assets.xcassets in Resources */,
			);
			runOnlyForDeploymentPostprocessing = 0;
		};
/* End PBXResourcesBuildPhase section */

/* Begin PBXSourcesBuildPhase section */
		C8D1176A26A1FFEA004B634A /* Sources */ = {
			isa = PBXSourcesBuildPhase;
			buildActionMask = 2147483647;
			files = (
				C8D1178D26A227C7004B634A /* FruitData.swift in Sources */,
				C8D954BB26A4BB3F005F242E /* SourceLinkView.swift in Sources */,
				C8F57DD626A5D3E300F2A7A8 /* SettingsRowView.swift in Sources */,
				C8D1178326A21124004B634A /* FruitCardView.swift in Sources */,
				C866657E26A2CC1C0066197A /* FruitRowView.swift in Sources */,
				C8F57DD026A4BF9E00F2A7A8 /* FruitNutrientsView.swift in Sources */,
				C8D1178526A21A47004B634A /* StartButtonView.swift in Sources */,
				C8D954B726A4AFAA005F242E /* FruitDetailView.swift in Sources */,
				C8D1177426A1FFEA004B634A /* ContentView.swift in Sources */,
				C8D954B926A4B5F7005F242E /* FruitHeaderView.swift in Sources */,
				C8D1178726A2205F004B634A /* OnboardingView.swift in Sources */,
				C8F57DD426A4CF7000F2A7A8 /* SettingsLabelView.swift in Sources */,
				C8D1178A26A22698004B634A /* FruitModel.swift in Sources */,
				C8D1177226A1FFEA004B634A /* FructusApp.swift in Sources */,
				C8F57DD226A4C80300F2A7A8 /* SettingsView.swift in Sources */,
			);
			runOnlyForDeploymentPostprocessing = 0;
		};
/* End PBXSourcesBuildPhase section */

/* Begin XCBuildConfiguration section */
		C8D1177B26A1FFEF004B634A /* Debug */ = {
			isa = XCBuildConfiguration;
			buildSettings = {
				ALWAYS_SEARCH_USER_PATHS = NO;
				CLANG_ANALYZER_NONNULL = YES;
				CLANG_ANALYZER_NUMBER_OBJECT_CONVERSION = YES_AGGRESSIVE;
				CLANG_CXX_LANGUAGE_STANDARD = "gnu++14";
				CLANG_CXX_LIBRARY = "libc++";
				CLANG_ENABLE_MODULES = YES;
				CLANG_ENABLE_OBJC_ARC = YES;
				CLANG_ENABLE_OBJC_WEAK = YES;
				CLANG_WARN_BLOCK_CAPTURE_AUTORELEASING = YES;
				CLANG_WARN_BOOL_CONVERSION = YES;
				CLANG_WARN_COMMA = YES;
				CLANG_WARN_CONSTANT_CONVERSION = YES;
				CLANG_WARN_DEPRECATED_OBJC_IMPLEMENTATIONS = YES;
				CLANG_WARN_DIRECT_OBJC_ISA_USAGE = YES_ERROR;
				CLANG_WARN_DOCUMENTATION_COMMENTS = YES;
				CLANG_WARN_EMPTY_BODY = YES;
				CLANG_WARN_ENUM_CONVERSION = YES;
				CLANG_WARN_INFINITE_RECURSION = YES;
				CLANG_WARN_INT_CONVERSION = YES;
				CLANG_WARN_NON_LITERAL_NULL_CONVERSION = YES;
				CLANG_WARN_OBJC_IMPLICIT_RETAIN_SELF = YES;
				CLANG_WARN_OBJC_LITERAL_CONVERSION = YES;
				CLANG_WARN_OBJC_ROOT_CLASS = YES_ERROR;
				CLANG_WARN_QUOTED_INCLUDE_IN_FRAMEWORK_HEADER = YES;
				CLANG_WARN_RANGE_LOOP_ANALYSIS = YES;
				CLANG_WARN_STRICT_PROTOTYPES = YES;
				CLANG_WARN_SUSPICIOUS_MOVE = YES;
				CLANG_WARN_UNGUARDED_AVAILABILITY = YES_AGGRESSIVE;
				CLANG_WARN_UNREACHABLE_CODE = YES;
				CLANG_WARN__DUPLICATE_METHOD_MATCH = YES;
				COPY_PHASE_STRIP = NO;
				DEBUG_INFORMATION_FORMAT = dwarf;
				ENABLE_STRICT_OBJC_MSGSEND = YES;
				ENABLE_TESTABILITY = YES;
				GCC_C_LANGUAGE_STANDARD = gnu11;
				GCC_DYNAMIC_NO_PIC = NO;
				GCC_NO_COMMON_BLOCKS = YES;
				GCC_OPTIMIZATION_LEVEL = 0;
				GCC_PREPROCESSOR_DEFINITIONS = (
					"DEBUG=1",
					"$(inherited)",
				);
				GCC_WARN_64_TO_32_BIT_CONVERSION = YES;
				GCC_WARN_ABOUT_RETURN_TYPE = YES_ERROR;
				GCC_WARN_UNDECLARED_SELECTOR = YES;
				GCC_WARN_UNINITIALIZED_AUTOS = YES_AGGRESSIVE;
				GCC_WARN_UNUSED_FUNCTION = YES;
				GCC_WARN_UNUSED_VARIABLE = YES;
				IPHONEOS_DEPLOYMENT_TARGET = 14.5;
				MTL_ENABLE_DEBUG_INFO = INCLUDE_SOURCE;
				MTL_FAST_MATH = YES;
				ONLY_ACTIVE_ARCH = YES;
				SDKROOT = iphoneos;
				SWIFT_ACTIVE_COMPILATION_CONDITIONS = DEBUG;
				SWIFT_OPTIMIZATION_LEVEL = "-Onone";
			};
			name = Debug;
		};
		C8D1177C26A1FFEF004B634A /* Release */ = {
			isa = XCBuildConfiguration;
			buildSettings = {
				ALWAYS_SEARCH_USER_PATHS = NO;
				CLANG_ANALYZER_NONNULL = YES;
				CLANG_ANALYZER_NUMBER_OBJECT_CONVERSION = YES_AGGRESSIVE;
				CLANG_CXX_LANGUAGE_STANDARD = "gnu++14";
				CLANG_CXX_LIBRARY = "libc++";
				CLANG_ENABLE_MODULES = YES;
				CLANG_ENABLE_OBJC_ARC = YES;
				CLANG_ENABLE_OBJC_WEAK = YES;
				CLANG_WARN_BLOCK_CAPTURE_AUTORELEASING = YES;
				CLANG_WARN_BOOL_CONVERSION = YES;
				CLANG_WARN_COMMA = YES;
				CLANG_WARN_CONSTANT_CONVERSION = YES;
				CLANG_WARN_DEPRECATED_OBJC_IMPLEMENTATIONS = YES;
				CLANG_WARN_DIRECT_OBJC_ISA_USAGE = YES_ERROR;
				CLANG_WARN_DOCUMENTATION_COMMENTS = YES;
				CLANG_WARN_EMPTY_BODY = YES;
				CLANG_WARN_ENUM_CONVERSION = YES;
				CLANG_WARN_INFINITE_RECURSION = YES;
				CLANG_WARN_INT_CONVERSION = YES;
				CLANG_WARN_NON_LITERAL_NULL_CONVERSION = YES;
				CLANG_WARN_OBJC_IMPLICIT_RETAIN_SELF = YES;
				CLANG_WARN_OBJC_LITERAL_CONVERSION = YES;
				CLANG_WARN_OBJC_ROOT_CLASS = YES_ERROR;
				CLANG_WARN_QUOTED_INCLUDE_IN_FRAMEWORK_HEADER = YES;
				CLANG_WARN_RANGE_LOOP_ANALYSIS = YES;
				CLANG_WARN_STRICT_PROTOTYPES = YES;
				CLANG_WARN_SUSPICIOUS_MOVE = YES;
				CLANG_WARN_UNGUARDED_AVAILABILITY = YES_AGGRESSIVE;
				CLANG_WARN_UNREACHABLE_CODE = YES;
				CLANG_WARN__DUPLICATE_METHOD_MATCH = YES;
				COPY_PHASE_STRIP = NO;
				DEBUG_INFORMATION_FORMAT = "dwarf-with-dsym";
				ENABLE_NS_ASSERTIONS = NO;
				ENABLE_STRICT_OBJC_MSGSEND = YES;
				GCC_C_LANGUAGE_STANDARD = gnu11;
				GCC_NO_COMMON_BLOCKS = YES;
				GCC_WARN_64_TO_32_BIT_CONVERSION = YES;
				GCC_WARN_ABOUT_RETURN_TYPE = YES_ERROR;
				GCC_WARN_UNDECLARED_SELECTOR = YES;
				GCC_WARN_UNINITIALIZED_AUTOS = YES_AGGRESSIVE;
				GCC_WARN_UNUSED_FUNCTION = YES;
				GCC_WARN_UNUSED_VARIABLE = YES;
				IPHONEOS_DEPLOYMENT_TARGET = 14.5;
				MTL_ENABLE_DEBUG_INFO = NO;
				MTL_FAST_MATH = YES;
				SDKROOT = iphoneos;
				SWIFT_COMPILATION_MODE = wholemodule;
				SWIFT_OPTIMIZATION_LEVEL = "-O";
				VALIDATE_PRODUCT = YES;
			};
			name = Release;
		};
		C8D1177E26A1FFEF004B634A /* Debug */ = {
			isa = XCBuildConfiguration;
			buildSettings = {
				ASSETCATALOG_COMPILER_APPICON_NAME = AppIcon;
				ASSETCATALOG_COMPILER_GLOBAL_ACCENT_COLOR_NAME = AccentColor;
				CODE_SIGN_STYLE = Automatic;
				DEVELOPMENT_ASSET_PATHS = "\"Fructus/Preview Content\"";
				DEVELOPMENT_TEAM = FTU2HFGK26;
				ENABLE_PREVIEWS = YES;
				INFOPLIST_FILE = Fructus/Info.plist;
				IPHONEOS_DEPLOYMENT_TARGET = 14.0;
				LD_RUNPATH_SEARCH_PATHS = (
					"$(inherited)",
					"@executable_path/Frameworks",
				);
				PRODUCT_BUNDLE_IDENTIFIER = ZdenoCepan.Fructus;
				PRODUCT_NAME = "$(TARGET_NAME)";
				SWIFT_VERSION = 5.0;
				TARGETED_DEVICE_FAMILY = "1,2";
			};
			name = Debug;
		};
		C8D1177F26A1FFEF004B634A /* Release */ = {
			isa = XCBuildConfiguration;
			buildSettings = {
				ASSETCATALOG_COMPILER_APPICON_NAME = AppIcon;
				ASSETCATALOG_COMPILER_GLOBAL_ACCENT_COLOR_NAME = AccentColor;
				CODE_SIGN_STYLE = Automatic;
				DEVELOPMENT_ASSET_PATHS = "\"Fructus/Preview Content\"";
				DEVELOPMENT_TEAM = FTU2HFGK26;
				ENABLE_PREVIEWS = YES;
				INFOPLIST_FILE = Fructus/Info.plist;
				IPHONEOS_DEPLOYMENT_TARGET = 14.0;
				LD_RUNPATH_SEARCH_PATHS = (
					"$(inherited)",
					"@executable_path/Frameworks",
				);
				PRODUCT_BUNDLE_IDENTIFIER = ZdenoCepan.Fructus;
				PRODUCT_NAME = "$(TARGET_NAME)";
				SWIFT_VERSION = 5.0;
				TARGETED_DEVICE_FAMILY = "1,2";
			};
			name = Release;
		};
/* End XCBuildConfiguration section */

/* Begin XCConfigurationList section */
		C8D1176926A1FFEA004B634A /* Build configuration list for PBXProject "Fructus" */ = {
			isa = XCConfigurationList;
			buildConfigurations = (
				C8D1177B26A1FFEF004B634A /* Debug */,
				C8D1177C26A1FFEF004B634A /* Release */,
			);
			defaultConfigurationIsVisible = 0;
			defaultConfigurationName = Release;
		};
		C8D1177D26A1FFEF004B634A /* Build configuration list for PBXNativeTarget "Fructus" */ = {
			isa = XCConfigurationList;
			buildConfigurations = (
				C8D1177E26A1FFEF004B634A /* Debug */,
				C8D1177F26A1FFEF004B634A /* Release */,
			);
			defaultConfigurationIsVisible = 0;
			defaultConfigurationName = Release;
		};
/* End XCConfigurationList section */
	};
	rootObject = C8D1176626A1FFEA004B634A /* Project object */;
}
